
Microsoft Visual Studio Solution File, Format Version 12.00
# Visual Studio Version 16
VisualStudioVersion = 16.0.32802.440
MinimumVisualStudioVersion = 10.0.40219.1
Project("{FAE04EC0-301F-11D3-BF4B-00C04F79EFBC}") = "AddressBook", "AddressBook\AddressBook.csproj", "{02A66756-FB56-4CAE-94EB-BA1D05271081}"
EndProject
Global
	GlobalSection(SolutionConfigurationPlatforms) = preSolution
		Debug|Any CPU = Debug|Any CPU
		Release|Any CPU = Release|Any CPU
	EndGlobalSection
	GlobalSection(ProjectConfigurationPlatforms) = postSolution
		{02A66756-FB56-4CAE-94EB-BA1D05271081}.Debug|Any CPU.ActiveCfg = Debug|Any CPU
		{02A66756-FB56-4CAE-94EB-BA1D05271081}.Debug|Any CPU.Build.0 = Debug|Any CPU
		{02A66756-FB56-4CAE-94EB-BA1D05271081}.Release|Any CPU.ActiveCfg = Release|Any CPU
		{02A66756-FB56-4CAE-94EB-BA1D05271081}.Release|Any CPU.Build.0 = Release|Any CPU
	EndGlobalSection
	GlobalSection(SolutionProperties) = preSolution
		HideSolutionNode = FALSE
	EndGlobalSection
	GlobalSection(ExtensibilityGlobals) = postSolution
		SolutionGuid = {8620F814-9DC2-4D5A-98D8-05690E4A5B0C}
	EndGlobalSection
EndGlobal
